# This file is automatically @generated by Cargo.
# It is not intended for manual editing.
version = 4

[[package]]
name = "testbed"
version = "0.1.0"

[[package]]
name = "vyxen"
version = "0.1.0"

[[package]]
name = "vyxen-geometry"
version = "0.1.0"

[[package]]
name = "vyxen-math"
version = "0.1.0"

[[package]]
name = "vyxen-physics2d"
version = "0.1.0"
